
Microsoft Visual Studio Solution File, Format Version 12.00
# Visual Studio Version 16
VisualStudioVersion = 16.0.30204.135
MinimumVisualStudioVersion = 10.0.40219.1
Project("{FAE04EC0-301F-11D3-BF4B-00C04F79EFBC}") = "Clima", "Clima\Clima.csproj", "{567CFA5A-A9F7-4DBE-8AE1-812D68B1316B}"
EndProject
Global
	GlobalSection(SolutionConfigurationPlatforms) = preSolution
		Debug|Any CPU = Debug|Any CPU
		Release|Any CPU = Release|Any CPU
	EndGlobalSection
	GlobalSection(ProjectConfigurationPlatforms) = postSolution
		{567CFA5A-A9F7-4DBE-8AE1-812D68B1316B}.Debug|Any CPU.ActiveCfg = Debug|Any CPU
		{567CFA5A-A9F7-4DBE-8AE1-812D68B1316B}.Debug|Any CPU.Build.0 = Debug|Any CPU
		{567CFA5A-A9F7-4DBE-8AE1-812D68B1316B}.Release|Any CPU.ActiveCfg = Release|Any CPU
		{567CFA5A-A9F7-4DBE-8AE1-812D68B1316B}.Release|Any CPU.Build.0 = Release|Any CPU
	EndGlobalSection
	GlobalSection(SolutionProperties) = preSolution
		HideSolutionNode = FALSE
	EndGlobalSection
	GlobalSection(ExtensibilityGlobals) = postSolution
		SolutionGuid = {1BFC933E-7F59-422A-91BC-AC8A404C4508}
	EndGlobalSection
EndGlobal
